
Microsoft Visual Studio Solution File, Format Version 12.00
Project("{FAE04EC0-301F-11D3-BF4B-00C04F79EFBC}") = "CartonCutter", "CartonCutter\CartonCutter.csproj", "{B5B21801-8BC1-487E-9E7F-F0695E34BB8F}"
EndProject
Project("{FAE04EC0-301F-11D3-BF4B-00C04F79EFBC}") = "CartonCutter.Application", "CartonCutter.Application\CartonCutter.Application.csproj", "{C92FC036-75E6-4AF0-896C-8CC158EFB146}"
EndProject
Project("{FAE04EC0-301F-11D3-BF4B-00C04F79EFBC}") = "CartonCutter.Domain", "CartonCutter.Domain\CartonCutter.Domain.csproj", "{ABF37E3E-8C03-4498-BDDD-FBB882621681}"
EndProject
Global
	GlobalSection(SolutionConfigurationPlatforms) = preSolution
		Debug|Any CPU = Debug|Any CPU
		Release|Any CPU = Release|Any CPU
	EndGlobalSection
	GlobalSection(ProjectConfigurationPlatforms) = postSolution
		{B5B21801-8BC1-487E-9E7F-F0695E34BB8F}.Debug|Any CPU.ActiveCfg = Debug|Any CPU
		{B5B21801-8BC1-487E-9E7F-F0695E34BB8F}.Debug|Any CPU.Build.0 = Debug|Any CPU
		{B5B21801-8BC1-487E-9E7F-F0695E34BB8F}.Release|Any CPU.ActiveCfg = Release|Any CPU
		{B5B21801-8BC1-487E-9E7F-F0695E34BB8F}.Release|Any CPU.Build.0 = Release|Any CPU
		{C92FC036-75E6-4AF0-896C-8CC158EFB146}.Debug|Any CPU.ActiveCfg = Debug|Any CPU
		{C92FC036-75E6-4AF0-896C-8CC158EFB146}.Debug|Any CPU.Build.0 = Debug|Any CPU
		{C92FC036-75E6-4AF0-896C-8CC158EFB146}.Release|Any CPU.ActiveCfg = Release|Any CPU
		{C92FC036-75E6-4AF0-896C-8CC158EFB146}.Release|Any CPU.Build.0 = Release|Any CPU
		{ABF37E3E-8C03-4498-BDDD-FBB882621681}.Debug|Any CPU.ActiveCfg = Debug|Any CPU
		{ABF37E3E-8C03-4498-BDDD-FBB882621681}.Debug|Any CPU.Build.0 = Debug|Any CPU
		{ABF37E3E-8C03-4498-BDDD-FBB882621681}.Release|Any CPU.ActiveCfg = Release|Any CPU
		{ABF37E3E-8C03-4498-BDDD-FBB882621681}.Release|Any CPU.Build.0 = Release|Any CPU
	EndGlobalSection
EndGlobal
